
Microsoft Visual Studio Solution File, Format Version 11.00
# Visual Studio 2010
Project("{FAE04EC0-301F-11D3-BF4B-00C04F79EFBC}") = "Assembly-CSharp", "Assembly-CSharp.csproj", "{52430123-e9b0-95a6-74f0-cc42d759c907}"
EndProject
Project("{FAE04EC0-301F-11D3-BF4B-00C04F79EFBC}") = "Assembly-CSharp-Editor", "Assembly-CSharp-Editor.csproj", "{6e2012a4-9a7e-331f-d298-70675b30de87}"
EndProject
Project("{FAE04EC0-301F-11D3-BF4B-00C04F79EFBC}") = "NewAssembly", "NewAssembly.csproj", "{c6175ed8-0004-1996-7184-79ce8fe17bb8}"
EndProject
Global
	GlobalSection(SolutionConfigurationPlatforms) = preSolution
		Debug|Any CPU = Debug|Any CPU
	EndGlobalSection
	GlobalSection(ProjectConfigurationPlatforms) = postSolution
		{52430123-e9b0-95a6-74f0-cc42d759c907}.Debug|Any CPU.ActiveCfg = Debug|Any CPU
		{52430123-e9b0-95a6-74f0-cc42d759c907}.Debug|Any CPU.Build.0 = Debug|Any CPU
		{6e2012a4-9a7e-331f-d298-70675b30de87}.Debug|Any CPU.ActiveCfg = Debug|Any CPU
		{6e2012a4-9a7e-331f-d298-70675b30de87}.Debug|Any CPU.Build.0 = Debug|Any CPU
		{c6175ed8-0004-1996-7184-79ce8fe17bb8}.Debug|Any CPU.ActiveCfg = Debug|Any CPU
		{c6175ed8-0004-1996-7184-79ce8fe17bb8}.Debug|Any CPU.Build.0 = Debug|Any CPU
	EndGlobalSection
	GlobalSection(SolutionProperties) = preSolution
		HideSolutionNode = FALSE
	EndGlobalSection
EndGlobal
